
Microsoft Visual Studio Solution File, Format Version 12.00
# Visual Studio Version 17
VisualStudioVersion = 17.14.36429.23 d17.14
MinimumVisualStudioVersion = 10.0.40219.1
Project("{FAE04EC0-301F-11D3-BF4B-00C04F79EFBC}") = "TaskTracker.API", "TaskTracker.API\TaskTracker.API.csproj", "{BF74EE84-AE38-42F9-B555-71D9CCB50DEA}"
EndProject
Global
	GlobalSection(SolutionConfigurationPlatforms) = preSolution
		Debug|Any CPU = Debug|Any CPU
		Release|Any CPU = Release|Any CPU
	EndGlobalSection
	GlobalSection(ProjectConfigurationPlatforms) = postSolution
		{BF74EE84-AE38-42F9-B555-71D9CCB50DEA}.Debug|Any CPU.ActiveCfg = Debug|Any CPU
		{BF74EE84-AE38-42F9-B555-71D9CCB50DEA}.Debug|Any CPU.Build.0 = Debug|Any CPU
		{BF74EE84-AE38-42F9-B555-71D9CCB50DEA}.Release|Any CPU.ActiveCfg = Release|Any CPU
		{BF74EE84-AE38-42F9-B555-71D9CCB50DEA}.Release|Any CPU.Build.0 = Release|Any CPU
	EndGlobalSection
	GlobalSection(SolutionProperties) = preSolution
		HideSolutionNode = FALSE
	EndGlobalSection
	GlobalSection(ExtensibilityGlobals) = postSolution
		SolutionGuid = {C32E98DA-7B2C-4FA8-8D06-6BF1710F71C3}
	EndGlobalSection
EndGlobal
